
Microsoft Visual Studio Solution File, Format Version 12.00
# Visual Studio Version 16
VisualStudioVersion = 16.0.30330.147
MinimumVisualStudioVersion = 10.0.40219.1
Project("{FAE04EC0-301F-11D3-BF4B-00C04F79EFBC}") = "LibraryMatan", "LibraryMatan\LibraryMatan.csproj", "{5C68B6A5-009D-4D00-A336-95E5CE303435}"
EndProject
Global
	GlobalSection(SolutionConfigurationPlatforms) = preSolution
		Debug|Any CPU = Debug|Any CPU
		Release|Any CPU = Release|Any CPU
	EndGlobalSection
	GlobalSection(ProjectConfigurationPlatforms) = postSolution
		{5C68B6A5-009D-4D00-A336-95E5CE303435}.Debug|Any CPU.ActiveCfg = Debug|Any CPU
		{5C68B6A5-009D-4D00-A336-95E5CE303435}.Debug|Any CPU.Build.0 = Debug|Any CPU
		{5C68B6A5-009D-4D00-A336-95E5CE303435}.Release|Any CPU.ActiveCfg = Release|Any CPU
		{5C68B6A5-009D-4D00-A336-95E5CE303435}.Release|Any CPU.Build.0 = Release|Any CPU
	EndGlobalSection
	GlobalSection(SolutionProperties) = preSolution
		HideSolutionNode = FALSE
	EndGlobalSection
	GlobalSection(ExtensibilityGlobals) = postSolution
		SolutionGuid = {BE133BAE-0F62-40D8-9461-2E769347A743}
	EndGlobalSection
EndGlobal
